
Microsoft Visual Studio Solution File, Format Version 12.00
# Visual Studio 15
VisualStudioVersion = 15.0.27130.2027
MinimumVisualStudioVersion = 10.0.40219.1
Project("{8BC9CEB8-8B4A-11D0-8D11-00A0C91BC942}") = "HorseEFI", "HorseEFI\HorseEFI.vcxproj", "{93099911-1BF6-46F1-875B-2979F5EEA3B0}"
EndProject
Global
	GlobalSection(SolutionConfigurationPlatforms) = preSolution
		Release|x64 = Release|x64
	EndGlobalSection
	GlobalSection(ProjectConfigurationPlatforms) = postSolution
		{93099911-1BF6-46F1-875B-2979F5EEA3B0}.Release|x64.ActiveCfg = Release|x64
		{93099911-1BF6-46F1-875B-2979F5EEA3B0}.Release|x64.Build.0 = Release|x64
	EndGlobalSection
	GlobalSection(SolutionProperties) = preSolution
		HideSolutionNode = FALSE
	EndGlobalSection
	GlobalSection(ExtensibilityGlobals) = postSolution
		SolutionGuid = {EA442CA9-F1F5-4EDC-8872-10CC3E27C16E}
	EndGlobalSection
EndGlobal
